
Microsoft Visual Studio Solution File, Format Version 12.00
# Visual Studio 15
VisualStudioVersion = 15.0.27703.2047
MinimumVisualStudioVersion = 10.0.40219.1
Project("{FAE04EC0-301F-11D3-BF4B-00C04F79EFBC}") = "OPCClientApp", "OPCClientApp\OPCClientApp.csproj", "{3223D30E-2363-4E34-98D0-4481B375FD51}"
EndProject
Global
	GlobalSection(SolutionConfigurationPlatforms) = preSolution
		Debug|Any CPU = Debug|Any CPU
		Release|Any CPU = Release|Any CPU
	EndGlobalSection
	GlobalSection(ProjectConfigurationPlatforms) = postSolution
		{3223D30E-2363-4E34-98D0-4481B375FD51}.Debug|Any CPU.ActiveCfg = Debug|Any CPU
		{3223D30E-2363-4E34-98D0-4481B375FD51}.Debug|Any CPU.Build.0 = Debug|Any CPU
		{3223D30E-2363-4E34-98D0-4481B375FD51}.Release|Any CPU.ActiveCfg = Release|Any CPU
		{3223D30E-2363-4E34-98D0-4481B375FD51}.Release|Any CPU.Build.0 = Release|Any CPU
	EndGlobalSection
	GlobalSection(SolutionProperties) = preSolution
		HideSolutionNode = FALSE
	EndGlobalSection
	GlobalSection(ExtensibilityGlobals) = postSolution
		SolutionGuid = {3052E866-4363-48AA-AC41-EB526C21C166}
	EndGlobalSection
EndGlobal
